
Microsoft Visual Studio Solution File, Format Version 12.00
# Visual Studio Version 17
VisualStudioVersion = 17.8.34309.116
MinimumVisualStudioVersion = 10.0.40219.1
Project("{FAE04EC0-301F-11D3-BF4B-00C04F79EFBC}") = "DataAccess", "DataAccess\DataAccess.csproj", "{6B816042-E42B-4BC0-B205-8AACDEEA0C2B}"
EndProject
Project("{FAE04EC0-301F-11D3-BF4B-00C04F79EFBC}") = "Business", "Business\Business.csproj", "{DAD10E17-C734-4AED-A4D1-C3D1A3427157}"
EndProject
Project("{FAE04EC0-301F-11D3-BF4B-00C04F79EFBC}") = "Entities", "Entities\Entities.csproj", "{492A4B6E-5FD0-4E89-B671-8F85F380EDF0}"
EndProject
Project("{FAE04EC0-301F-11D3-BF4B-00C04F79EFBC}") = "ConsoleUI2", "ConsoleUI2\ConsoleUI2.csproj", "{5937CCEF-B844-4442-968D-DE07F9F3AF59}"
EndProject
Global
	GlobalSection(SolutionConfigurationPlatforms) = preSolution
		Debug|Any CPU = Debug|Any CPU
		Release|Any CPU = Release|Any CPU
	EndGlobalSection
	GlobalSection(ProjectConfigurationPlatforms) = postSolution
		{6B816042-E42B-4BC0-B205-8AACDEEA0C2B}.Debug|Any CPU.ActiveCfg = Debug|Any CPU
		{6B816042-E42B-4BC0-B205-8AACDEEA0C2B}.Debug|Any CPU.Build.0 = Debug|Any CPU
		{6B816042-E42B-4BC0-B205-8AACDEEA0C2B}.Release|Any CPU.ActiveCfg = Release|Any CPU
		{6B816042-E42B-4BC0-B205-8AACDEEA0C2B}.Release|Any CPU.Build.0 = Release|Any CPU
		{DAD10E17-C734-4AED-A4D1-C3D1A3427157}.Debug|Any CPU.ActiveCfg = Debug|Any CPU
		{DAD10E17-C734-4AED-A4D1-C3D1A3427157}.Debug|Any CPU.Build.0 = Debug|Any CPU
		{DAD10E17-C734-4AED-A4D1-C3D1A3427157}.Release|Any CPU.ActiveCfg = Release|Any CPU
		{DAD10E17-C734-4AED-A4D1-C3D1A3427157}.Release|Any CPU.Build.0 = Release|Any CPU
		{492A4B6E-5FD0-4E89-B671-8F85F380EDF0}.Debug|Any CPU.ActiveCfg = Debug|Any CPU
		{492A4B6E-5FD0-4E89-B671-8F85F380EDF0}.Debug|Any CPU.Build.0 = Debug|Any CPU
		{492A4B6E-5FD0-4E89-B671-8F85F380EDF0}.Release|Any CPU.ActiveCfg = Release|Any CPU
		{492A4B6E-5FD0-4E89-B671-8F85F380EDF0}.Release|Any CPU.Build.0 = Release|Any CPU
		{5937CCEF-B844-4442-968D-DE07F9F3AF59}.Debug|Any CPU.ActiveCfg = Debug|Any CPU
		{5937CCEF-B844-4442-968D-DE07F9F3AF59}.Debug|Any CPU.Build.0 = Debug|Any CPU
		{5937CCEF-B844-4442-968D-DE07F9F3AF59}.Release|Any CPU.ActiveCfg = Release|Any CPU
		{5937CCEF-B844-4442-968D-DE07F9F3AF59}.Release|Any CPU.Build.0 = Release|Any CPU
	EndGlobalSection
	GlobalSection(SolutionProperties) = preSolution
		HideSolutionNode = FALSE
	EndGlobalSection
	GlobalSection(ExtensibilityGlobals) = postSolution
		SolutionGuid = {51BC832A-C857-4C90-A56A-368CDC418B1A}
	EndGlobalSection
EndGlobal
